<?xml version="1.0" encoding="utf-8"?>
<Project ToolsVersion="4.0" xmlns="http://schemas.microsoft.com/developer/msbuild/2003">
  <ItemGroup>
    <Filter Include="Source Files">
      <UniqueIdentifier>{4FC737F1-C7A5-4376-A066-2A32D752A2FF}</UniqueIdentifier>
      <Extensions>cpp;c;cc;cxx;def;odl;idl;hpj;bat;asm;asmx</Extensions>
    </Filter>
    <Filter Include="Header Files">
      <UniqueIdentifier>{93995380-89BD-4b04-88EB-625FBE52EBFB}</UniqueIdentifier>
      <Extensions>h;hpp;hxx;hm;inl;inc;xsd</Extensions>
    </Filter>
    <Filter Include="Resource Files">
      <UniqueIdentifier>{67DA6AB6-F800-4c08-8B7A-83BB121AAD01}</UniqueIdentifier>
      <Extensions>rc;ico;cur;bmp;dlg;rc2;rct;bin;rgs;gif;jpg;jpeg;jpe;resx;tiff;tif;png;wav;mfcribbon-ms</Extensions>
    </Filter>
    <Filter Include="Header Files\Behavioural Patterns">
      <UniqueIdentifier>{5c08392f-3bf7-43db-90b2-5276dc80c2bc}</UniqueIdentifier>
    </Filter>
    <Filter Include="Source Files\Behavioural Patterns">
      <UniqueIdentifier>{588afa7b-f3f2-4922-bc84-a8b479c5f671}</UniqueIdentifier>
    </Filter>
    <Filter Include="Header Files\Creational Patterns">
      <UniqueIdentifier>{b987bc9f-4d40-4a47-9c75-7e530e47b01d}</UniqueIdentifier>
    </Filter>
    <Filter Include="Source Files\Creational Patterns">
      <UniqueIdentifier>{d9517104-00e5-41d5-a787-26c2aa8fb360}</UniqueIdentifier>
    </Filter>
    <Filter Include="Source Files\Structural Patterns">
      <UniqueIdentifier>{0823155e-b3d3-42ae-af4b-11120baedb1e}</UniqueIdentifier>
    </Filter>
    <Filter Include="Header Files\Structural Patterns">
      <UniqueIdentifier>{902f037a-75dc-4314-8b9f-e627b17f51ba}</UniqueIdentifier>
    </Filter>
  </ItemGroup>
  <ItemGroup>
    <ClInclude Include="Preprocessor.h">
      <Filter>Header Files</Filter>
    </ClInclude>
    <ClInclude Include="SortingTech.h">
      <Filter>Header Files</Filter>
    </ClInclude>
    <ClInclude Include="SearchingTech.h">
      <Filter>Header Files</Filter>
    </ClInclude>
    <ClInclude Include="headers.h">
      <Filter>Header Files</Filter>
    </ClInclude>
    <ClInclude Include="RandomNumber.h">
      <Filter>Header Files</Filter>
    </ClInclude>
    <ClInclude Include="timer.h">
      <Filter>Header Files</Filter>
    </ClInclude>
    <ClInclude Include="BitManipulation.h">
      <Filter>Header Files</Filter>
    </ClInclude>
    <ClInclude Include="CStringTech.h">
      <Filter>Header Files</Filter>
    </ClInclude>
    <ClInclude Include="cPlusPlusEleven.h">
      <Filter>Header Files</Filter>
    </ClInclude>
    <ClInclude Include="gccCompilerSpecific.h">
      <Filter>Header Files</Filter>
    </ClInclude>
    <ClInclude Include="misc.h">
      <Filter>Header Files</Filter>
    </ClInclude>
    <ClInclude Include="Template.h">
      <Filter>Header Files</Filter>
    </ClInclude>
    <ClInclude Include="pointers.h">
      <Filter>Header Files</Filter>
    </ClInclude>
    <ClInclude Include="extern.h">
      <Filter>Header Files</Filter>
    </ClInclude>
    <ClInclude Include="volatile.h">
      <Filter>Header Files</Filter>
    </ClInclude>
    <ClInclude Include="policy.h">
      <Filter>Header Files</Filter>
    </ClInclude>
    <ClInclude Include="BinarySearch.h">
      <Filter>Header Files</Filter>
    </ClInclude>
    <ClInclude Include="TestBed.h">
      <Filter>Header Files</Filter>
    </ClInclude>
    <ClInclude Include="TaskGenerator.h">
      <Filter>Header Files</Filter>
    </ClInclude>
    <ClInclude Include="ChainOfResponsibility.h">
      <Filter>Header Files\Behavioural Patterns</Filter>
    </ClInclude>
    <ClInclude Include="Interpreter.h">
      <Filter>Header Files\Behavioural Patterns</Filter>
    </ClInclude>
    <ClInclude Include="Observer.h">
      <Filter>Header Files\Behavioural Patterns</Filter>
    </ClInclude>
    <ClInclude Include="Visitor.h">
      <Filter>Header Files\Behavioural Patterns</Filter>
    </ClInclude>
    <ClInclude Include="Abstract Factory.h">
      <Filter>Header Files\Creational Patterns</Filter>
    </ClInclude>
    <ClInclude Include="Builder.h">
      <Filter>Header Files\Creational Patterns</Filter>
    </ClInclude>
    <ClInclude Include="Strategy.h">
      <Filter>Header Files\Behavioural Patterns</Filter>
    </ClInclude>
    <ClInclude Include="adapter.h">
      <Filter>Header Files\Structural Patterns</Filter>
    </ClInclude>
    <ClInclude Include="Command.h">
      <Filter>Header Files\Behavioural Patterns</Filter>
    </ClInclude>
    <ClInclude Include="Iterator.h">
      <Filter>Header Files\Behavioural Patterns</Filter>
    </ClInclude>
    <ClInclude Include="Memento.h">
      <Filter>Header Files\Behavioural Patterns</Filter>
    </ClInclude>
    <ClInclude Include="Mediator.h">
      <Filter>Header Files\Behavioural Patterns</Filter>
    </ClInclude>
    <ClInclude Include="State.h">
      <Filter>Header Files\Behavioural Patterns</Filter>
    </ClInclude>
    <ClInclude Include="Template Method.h">
      <Filter>Header Files\Behavioural Patterns</Filter>
    </ClInclude>
    <ClInclude Include="Bridge.h">
      <Filter>Header Files\Structural Patterns</Filter>
    </ClInclude>
    <ClInclude Include="Composite.h">
      <Filter>Header Files\Structural Patterns</Filter>
    </ClInclude>
    <ClInclude Include="constexpr.h">
      <Filter>Header Files</Filter>
    </ClInclude>
    <ClInclude Include="perfect_forwarding.h">
      <Filter>Header Files</Filter>
    </ClInclude>
    <ClInclude Include="make_unique.h">
      <Filter>Header Files</Filter>
    </ClInclude>
    <ClInclude Include="restorer.h">
      <Filter>Header Files</Filter>
    </ClInclude>
    <ClInclude Include="begin_end_template_for_std.h">
      <Filter>Header Files</Filter>
    </ClInclude>
    <ClInclude Include="make_string.h">
      <Filter>Header Files</Filter>
    </ClInclude>
    <ClInclude Include="string_manipulations.h">
      <Filter>Header Files</Filter>
    </ClInclude>
    <ClInclude Include="state_machine.h">
      <Filter>Header Files</Filter>
    </ClInclude>
    <ClInclude Include="rotate.h">
      <Filter>Header Files</Filter>
    </ClInclude>
    <ClInclude Include="runtime_polymorphism_workaround.h">
      <Filter>Header Files</Filter>
    </ClInclude>
  </ItemGroup>
  <ItemGroup>
    <ClCompile Include="Preprocessor.cpp">
      <Filter>Source Files</Filter>
    </ClCompile>
    <ClCompile Include="main.cpp">
      <Filter>Source Files</Filter>
    </ClCompile>
    <ClCompile Include="SortingTech.cpp">
      <Filter>Source Files</Filter>
    </ClCompile>
    <ClCompile Include="SearchingTech.cpp">
      <Filter>Source Files</Filter>
    </ClCompile>
    <ClCompile Include="RandomNumber.cpp">
      <Filter>Source Files</Filter>
    </ClCompile>
    <ClCompile Include="timer.cpp">
      <Filter>Source Files</Filter>
    </ClCompile>
    <ClCompile Include="BitManipulation.cpp">
      <Filter>Source Files</Filter>
    </ClCompile>
    <ClCompile Include="CStringTech.cpp">
      <Filter>Source Files</Filter>
    </ClCompile>
    <ClCompile Include="cPlusPlusEleven.cpp">
      <Filter>Source Files</Filter>
    </ClCompile>
    <ClCompile Include="gccCompilerSpecific.cpp">
      <Filter>Source Files</Filter>
    </ClCompile>
    <ClCompile Include="misc.cpp">
      <Filter>Source Files</Filter>
    </ClCompile>
    <ClCompile Include="Template.cpp">
      <Filter>Source Files</Filter>
    </ClCompile>
    <ClCompile Include="pointers.cpp">
      <Filter>Source Files</Filter>
    </ClCompile>
    <ClCompile Include="policy.cpp">
      <Filter>Source Files</Filter>
    </ClCompile>
    <ClCompile Include="BinarySearch.cpp">
      <Filter>Source Files</Filter>
    </ClCompile>
    <ClCompile Include="TestBed.cpp">
      <Filter>Source Files</Filter>
    </ClCompile>
    <ClCompile Include="TaskGenerator.cpp">
      <Filter>Source Files</Filter>
    </ClCompile>
    <ClCompile Include="ChainOfResponsibility.cpp">
      <Filter>Source Files\Behavioural Patterns</Filter>
    </ClCompile>
    <ClCompile Include="Interpreter.cpp">
      <Filter>Source Files\Behavioural Patterns</Filter>
    </ClCompile>
    <ClCompile Include="Observer.cpp">
      <Filter>Source Files\Behavioural Patterns</Filter>
    </ClCompile>
    <ClCompile Include="Visitor.cpp">
      <Filter>Source Files\Behavioural Patterns</Filter>
    </ClCompile>
    <ClCompile Include="Abstract Factory.cpp">
      <Filter>Source Files\Creational Patterns</Filter>
    </ClCompile>
    <ClCompile Include="Builder.cpp">
      <Filter>Source Files\Creational Patterns</Filter>
    </ClCompile>
    <ClCompile Include="adapter.cpp">
      <Filter>Source Files\Structural Patterns</Filter>
    </ClCompile>
    <ClCompile Include="Strategy.cpp">
      <Filter>Source Files\Behavioural Patterns</Filter>
    </ClCompile>
    <ClCompile Include="Command.cpp">
      <Filter>Source Files\Behavioural Patterns</Filter>
    </ClCompile>
    <ClCompile Include="Iterator.cpp">
      <Filter>Source Files\Behavioural Patterns</Filter>
    </ClCompile>
    <ClCompile Include="Memento.cpp">
      <Filter>Source Files\Behavioural Patterns</Filter>
    </ClCompile>
    <ClCompile Include="Mediator.cpp">
      <Filter>Source Files\Behavioural Patterns</Filter>
    </ClCompile>
    <ClCompile Include="State.cpp">
      <Filter>Source Files\Behavioural Patterns</Filter>
    </ClCompile>
    <ClCompile Include="Template Method.cpp">
      <Filter>Source Files\Behavioural Patterns</Filter>
    </ClCompile>
    <ClCompile Include="Bridge.cpp">
      <Filter>Source Files\Structural Patterns</Filter>
    </ClCompile>
    <ClCompile Include="Composite.cpp">
      <Filter>Source Files\Structural Patterns</Filter>
    </ClCompile>
    <ClCompile Include="Monitor.cpp">
      <Filter>Source Files\Behavioural Patterns</Filter>
    </ClCompile>
    <ClCompile Include="Concurrent.cpp">
      <Filter>Source Files</Filter>
    </ClCompile>
  </ItemGroup>
</Project>